
Microsoft Visual Studio Solution File, Format Version 12.00
# Visual Studio 2012
Project("{FAE04EC0-301F-11D3-BF4B-00C04F79EFBC}") = "1_FormAuthentication", "1_FormAuthentication\1_FormAuthentication.csproj", "{2FF86CB5-C60B-42D3-A999-2F55B5A6941B}"
EndProject
Project("{2150E333-8FDC-42A3-9474-1A3956D46DE8}") = "Solution Items", "Solution Items", "{C6AFA3E2-764A-49FB-AEBD-0667DA7D3E5F}"
	ProjectSection(SolutionItems) = preProject
		Local.testsettings = Local.testsettings
	EndProjectSection
EndProject
Global
	GlobalSection(SolutionConfigurationPlatforms) = preSolution
		Debug|Any CPU = Debug|Any CPU
		Release|Any CPU = Release|Any CPU
	EndGlobalSection
	GlobalSection(ProjectConfigurationPlatforms) = postSolution
		{2FF86CB5-C60B-42D3-A999-2F55B5A6941B}.Debug|Any CPU.ActiveCfg = Debug|Any CPU
		{2FF86CB5-C60B-42D3-A999-2F55B5A6941B}.Debug|Any CPU.Build.0 = Debug|Any CPU
		{2FF86CB5-C60B-42D3-A999-2F55B5A6941B}.Release|Any CPU.ActiveCfg = Release|Any CPU
		{2FF86CB5-C60B-42D3-A999-2F55B5A6941B}.Release|Any CPU.Build.0 = Release|Any CPU
	EndGlobalSection
	GlobalSection(SolutionProperties) = preSolution
		HideSolutionNode = FALSE
	EndGlobalSection
EndGlobal
